
Microsoft Visual Studio Solution File, Format Version 11.00
# Visual Studio 2010
Project("{FAE04EC0-301F-11D3-BF4B-00C04F79EFBC}") = "Assembly-CSharp-firstpass", "Assembly-CSharp-firstpass.csproj", "{b5367deb-6ef9-6940-4ed3-5cf3239ae9e9}"
EndProject
Project("{FAE04EC0-301F-11D3-BF4B-00C04F79EFBC}") = "Assembly-CSharp", "Assembly-CSharp.csproj", "{ab932b91-7b92-4e78-65f7-40fb5ac16b2b}"
EndProject
Global
	GlobalSection(SolutionConfigurationPlatforms) = preSolution
		Debug|Any CPU = Debug|Any CPU
	EndGlobalSection
	GlobalSection(ProjectConfigurationPlatforms) = postSolution
		{b5367deb-6ef9-6940-4ed3-5cf3239ae9e9}.Debug|Any CPU.ActiveCfg = Debug|Any CPU
		{b5367deb-6ef9-6940-4ed3-5cf3239ae9e9}.Debug|Any CPU.Build.0 = Debug|Any CPU
		{ab932b91-7b92-4e78-65f7-40fb5ac16b2b}.Debug|Any CPU.ActiveCfg = Debug|Any CPU
		{ab932b91-7b92-4e78-65f7-40fb5ac16b2b}.Debug|Any CPU.Build.0 = Debug|Any CPU
	EndGlobalSection
	GlobalSection(SolutionProperties) = preSolution
		HideSolutionNode = FALSE
	EndGlobalSection
EndGlobal
